version = 1
revision = 2
requires-python = ">=3.13"

[[package]]
name = "colorama"
version = "0.4.6"
source = { registry = "https://pypi.org/simple" }
sdist = { url = "https://files.pythonhosted.org/packages/d8/53/6f443c9a4a8358a93a6792e2acffb9d9d5cb0a5cfd8802644b7b1c9a02e4/colorama-0.4.6.tar.gz", hash = "sha256:08695f5cb7ed6e0531a20572697297273c47b8cae5a63ffc6d6ed5c201be6e44", size = 27697, upload-time = "2022-10-25T02:36:22.414Z" }
wheels = [
    { url = "https://files.pythonhosted.org/packages/d1/d6/3965ed04c63042e047cb6a3e6ed1a63a35087b6a609aa3a15ed8ac56c221/colorama-0.4.6-py2.py3-none-any.whl", hash = "sha256:4f1d9991f5acc0ca119f9d443620b77f9d6b33703e51011c16baf57afb285fc6", size = 25335, upload-time = "2022-10-25T02:36:20.889Z" },
]

[[package]]
name = "colorful"
version = "0.5.8"
source = { registry = "https://pypi.org/simple" }
dependencies = [
    { name = "colorama", marker = "sys_platform == 'win32'" },
]
sdist = { url = "https://files.pythonhosted.org/packages/82/31/109ef4bedeb32b4202e02ddb133162457adc4eb890a9ed9c05c9dd126ed0/colorful-0.5.8.tar.gz", hash = "sha256:bb16502b198be2f1c42ba3c52c703d5f651d826076817185f0294c1a549a7445", size = 209361, upload-time = "2025-10-29T11:53:21.663Z" }
wheels = [
    { url = "https://files.pythonhosted.org/packages/c3/11/25cdf9d5fc21efd30134fc74c43702c6f7ef09ebae8ed927f1283403ad8d/colorful-0.5.8-py2.py3-none-any.whl", hash = "sha256:a9381fdda3337fbaba5771991020abc69676afa102646650b759927892875992", size = 201334, upload-time = "2025-10-29T11:53:20.251Z" },
]

[[package]]
name = "cordis-horizon-projects-xml"
version = "0.1.0"
source = { virtual = "." }
dependencies = [
    { name = "dacite" },
    { name = "prettyprinter" },
    { name = "tqdm" },
    { name = "xmltodict" },
]

[package.metadata]
requires-dist = [
    { name = "dacite", specifier = ">=1.9.2" },
    { name = "prettyprinter", specifier = ">=0.18.0" },
    { name = "tqdm", specifier = ">=4.67.1" },
    { name = "xmltodict", specifier = ">=1.0.2" },
]

[[package]]
name = "dacite"
version = "1.9.2"
source = { registry = "https://pypi.org/simple" }
sdist = { url = "https://files.pythonhosted.org/packages/55/a0/7ca79796e799a3e782045d29bf052b5cde7439a2bbb17f15ff44f7aacc63/dacite-1.9.2.tar.gz", hash = "sha256:6ccc3b299727c7aa17582f0021f6ae14d5de47c7227932c47fec4cdfefd26f09", size = 22420, upload-time = "2025-02-05T09:27:29.757Z" }
wheels = [
    { url = "https://files.pythonhosted.org/packages/94/35/386550fd60316d1e37eccdda609b074113298f23cef5bddb2049823fe666/dacite-1.9.2-py3-none-any.whl", hash = "sha256:053f7c3f5128ca2e9aceb66892b1a3c8936d02c686e707bee96e19deef4bc4a0", size = 16600, upload-time = "2025-02-05T09:27:24.345Z" },
]

[[package]]
name = "prettyprinter"
version = "0.18.0"
source = { registry = "https://pypi.org/simple" }
dependencies = [
    { name = "colorful" },
    { name = "pygments" },
]
sdist = { url = "https://files.pythonhosted.org/packages/97/41/967b5e033b5b50eebe0b8154a9e9827c517e244b9b612ec3357c40a4a33c/prettyprinter-0.18.0.tar.gz", hash = "sha256:9fe5da7ec53510881dd35d7a5c677ba45f34cfe6a8e78d1abd20652cf82139a8", size = 651884, upload-time = "2019-06-22T07:04:40.337Z" }
wheels = [
    { url = "https://files.pythonhosted.org/packages/9f/d0/9effbeca8f1b8df9d33154de3477a51e55a9c46cb15612dd7791a1624397/prettyprinter-0.18.0-py2.py3-none-any.whl", hash = "sha256:358a58f276cb312e3ca29d7a7f244c91e4e0bda7848249d30e4f36d2eb58b67c", size = 48013, upload-time = "2019-06-22T07:04:43.916Z" },
]

[[package]]
name = "pygments"
version = "2.19.2"
source = { registry = "https://pypi.org/simple" }
sdist = { url = "https://files.pythonhosted.org/packages/b0/77/a5b8c569bf593b0140bde72ea885a803b82086995367bf2037de0159d924/pygments-2.19.2.tar.gz", hash = "sha256:636cb2477cec7f8952536970bc533bc43743542f70392ae026374600add5b887", size = 4968631, upload-time = "2025-06-21T13:39:12.283Z" }
wheels = [
    { url = "https://files.pythonhosted.org/packages/c7/21/705964c7812476f378728bdf590ca4b771ec72385c533964653c68e86bdc/pygments-2.19.2-py3-none-any.whl", hash = "sha256:86540386c03d588bb81d44bc3928634ff26449851e99741617ecb9037ee5ec0b", size = 1225217, upload-time = "2025-06-21T13:39:07.939Z" },
]

[[package]]
name = "tqdm"
version = "4.67.1"
source = { registry = "https://pypi.org/simple" }
dependencies = [
    { name = "colorama", marker = "sys_platform == 'win32'" },
]
sdist = { url = "https://files.pythonhosted.org/packages/a8/4b/29b4ef32e036bb34e4ab51796dd745cdba7ed47ad142a9f4a1eb8e0c744d/tqdm-4.67.1.tar.gz", hash = "sha256:f8aef9c52c08c13a65f30ea34f4e5aac3fd1a34959879d7e59e63027286627f2", size = 169737, upload-time = "2024-11-24T20:12:22.481Z" }
wheels = [
    { url = "https://files.pythonhosted.org/packages/d0/30/dc54f88dd4a2b5dc8a0279bdd7270e735851848b762aeb1c1184ed1f6b14/tqdm-4.67.1-py3-none-any.whl", hash = "sha256:26445eca388f82e72884e0d580d5464cd801a3ea01e63e5601bdff9ba6a48de2", size = 78540, upload-time = "2024-11-24T20:12:19.698Z" },
]

[[package]]
name = "xmltodict"
version = "1.0.2"
source = { registry = "https://pypi.org/simple" }
sdist = { url = "https://files.pythonhosted.org/packages/6a/aa/917ceeed4dbb80d2f04dbd0c784b7ee7bba8ae5a54837ef0e5e062cd3cfb/xmltodict-1.0.2.tar.gz", hash = "sha256:54306780b7c2175a3967cad1db92f218207e5bc1aba697d887807c0fb68b7649", size = 25725, upload-time = "2025-09-17T21:59:26.459Z" }
wheels = [
    { url = "https://files.pythonhosted.org/packages/c0/20/69a0e6058bc5ea74892d089d64dfc3a62ba78917ec5e2cfa70f7c92ba3a5/xmltodict-1.0.2-py3-none-any.whl", hash = "sha256:62d0fddb0dcbc9f642745d8bbf4d81fd17d6dfaec5a15b5c1876300aad92af0d", size = 13893, upload-time = "2025-09-17T21:59:24.859Z" },
]
